// !$*UTF8*$!
{
	archiveVersion = 1;
	classes = {
	};
	objectVersion = 77;
	objects = {

/* Begin PBXBuildFile section */
		FE74C5D12D086B46006054E6 /* Preview Assets.xcassets in Resources */ = {isa = PBXBuildFile; fileRef = FE74C5CB2D086B46006054E6 /* Preview Assets.xcassets */; };
		FE74C5D22D086B46006054E6 /* Assets.xcassets in Resources */ = {isa = PBXBuildFile; fileRef = FE74C5CD2D086B46006054E6 /* Assets.xcassets */; };
		FE74C5D42D086B46006054E6 /* HealthChatExampleApp.swift in Sources */ = {isa = PBXBuildFile; fileRef = FE74C5CF2D086B46006054E6 /* HealthChatExampleApp.swift */; };
		FE74C5E42D086BC9006054E6 /* HealthChat.framework in Frameworks */ = {isa = PBXBuildFile; fileRef = FE74C5DA2D086BC8006054E6 /* HealthChat.framework */; };
		FE74C5EF2D086BC9006054E6 /* HealthChat.framework in Frameworks */ = {isa = PBXBuildFile; fileRef = FE74C5DA2D086BC8006054E6 /* HealthChat.framework */; };
		FE74C5F02D086BC9006054E6 /* HealthChat.framework in Embed Frameworks */ = {isa = PBXBuildFile; fileRef = FE74C5DA2D086BC8006054E6 /* HealthChat.framework */; settings = {ATTRIBUTES = (CodeSignOnCopy, RemoveHeadersOnCopy, ); }; };
		FE74C5FC2D086BD2006054E6 /* HealthChat.docc in Sources */ = {isa = PBXBuildFile; fileRef = FE74C5FA2D086BD2006054E6 /* HealthChat.docc */; };
		FE74C5FD2D086BD2006054E6 /* HealthChat.h in Headers */ = {isa = PBXBuildFile; fileRef = FE74C5F92D086BD2006054E6 /* HealthChat.h */; settings = {ATTRIBUTES = (Public, ); }; };
		FE74C6002D086C28006054E6 /* HealthChatModel.swift in Sources */ = {isa = PBXBuildFile; fileRef = FE74C5FF2D086C28006054E6 /* HealthChatModel.swift */; };
		FE74C6022D086F2D006054E6 /* ConversationsScreen.swift in Sources */ = {isa = PBXBuildFile; fileRef = FE74C6012D086F2D006054E6 /* ConversationsScreen.swift */; };
		FE74C6052D08738D006054E6 /* ExyteChat in Frameworks */ = {isa = PBXBuildFile; productRef = FE74C6042D08738D006054E6 /* ExyteChat */; };
		FE74C6072D0873A3006054E6 /* ChatScreen.swift in Sources */ = {isa = PBXBuildFile; fileRef = FE74C6062D0873A3006054E6 /* ChatScreen.swift */; };
		FE74C60B2D088230006054E6 /* TestUtils.swift in Sources */ = {isa = PBXBuildFile; fileRef = FE74C60A2D088230006054E6 /* TestUtils.swift */; };
		FE74C60D2D08B25F006054E6 /* ViewModel.swift in Sources */ = {isa = PBXBuildFile; fileRef = FE74C60C2D08B25F006054E6 /* ViewModel.swift */; };
		FE74C6112D08B9FF006054E6 /* HealthChatTests.swift in Sources */ = {isa = PBXBuildFile; fileRef = FE74C60F2D08B9FF006054E6 /* HealthChatTests.swift */; };
		FE7B49F42D08C11800DE5245 /* TestUtils.swift in Sources */ = {isa = PBXBuildFile; fileRef = FE7B49F32D08C11800DE5245 /* TestUtils.swift */; };
/* End PBXBuildFile section */

/* Begin PBXContainerItemProxy section */
		FE74C5E52D086BC9006054E6 /* PBXContainerItemProxy */ = {
			isa = PBXContainerItemProxy;
			containerPortal = FE74C5B22D086B11006054E6 /* Project object */;
			proxyType = 1;
			remoteGlobalIDString = FE74C5D92D086BC8006054E6;
			remoteInfo = HealthChat;
		};
		FE74C5E72D086BC9006054E6 /* PBXContainerItemProxy */ = {
			isa = PBXContainerItemProxy;
			containerPortal = FE74C5B22D086B11006054E6 /* Project object */;
			proxyType = 1;
			remoteGlobalIDString = FE74C5B92D086B11006054E6;
			remoteInfo = HealthChatExample;
		};
		FE74C5ED2D086BC9006054E6 /* PBXContainerItemProxy */ = {
			isa = PBXContainerItemProxy;
			containerPortal = FE74C5B22D086B11006054E6 /* Project object */;
			proxyType = 1;
			remoteGlobalIDString = FE74C5D92D086BC8006054E6;
			remoteInfo = HealthChat;
		};
/* End PBXContainerItemProxy section */

/* Begin PBXCopyFilesBuildPhase section */
		FE74C5F52D086BC9006054E6 /* Embed Frameworks */ = {
			isa = PBXCopyFilesBuildPhase;
			buildActionMask = 2147483647;
			dstPath = "";
			dstSubfolderSpec = 10;
			files = (
				FE74C5F02D086BC9006054E6 /* HealthChat.framework in Embed Frameworks */,
			);
			name = "Embed Frameworks";
			runOnlyForDeploymentPostprocessing = 0;
		};
/* End PBXCopyFilesBuildPhase section */

/* Begin PBXFileReference section */
		FE74C5BA2D086B11006054E6 /* HealthChatExample.app */ = {isa = PBXFileReference; explicitFileType = wrapper.application; includeInIndex = 0; path = HealthChatExample.app; sourceTree = BUILT_PRODUCTS_DIR; };
		FE74C5CB2D086B46006054E6 /* Preview Assets.xcassets */ = {isa = PBXFileReference; lastKnownFileType = folder.assetcatalog; path = "Preview Assets.xcassets"; sourceTree = "<group>"; };
		FE74C5CD2D086B46006054E6 /* Assets.xcassets */ = {isa = PBXFileReference; lastKnownFileType = folder.assetcatalog; path = Assets.xcassets; sourceTree = "<group>"; };
		FE74C5CF2D086B46006054E6 /* HealthChatExampleApp.swift */ = {isa = PBXFileReference; lastKnownFileType = sourcecode.swift; path = HealthChatExampleApp.swift; sourceTree = "<group>"; };
		FE74C5DA2D086BC8006054E6 /* HealthChat.framework */ = {isa = PBXFileReference; explicitFileType = wrapper.framework; includeInIndex = 0; path = HealthChat.framework; sourceTree = BUILT_PRODUCTS_DIR; };
		FE74C5E32D086BC9006054E6 /* HealthChatTests.xctest */ = {isa = PBXFileReference; explicitFileType = wrapper.cfbundle; includeInIndex = 0; path = HealthChatTests.xctest; sourceTree = BUILT_PRODUCTS_DIR; };
		FE74C5F92D086BD2006054E6 /* HealthChat.h */ = {isa = PBXFileReference; lastKnownFileType = sourcecode.c.h; path = HealthChat.h; sourceTree = "<group>"; };
		FE74C5FA2D086BD2006054E6 /* HealthChat.docc */ = {isa = PBXFileReference; lastKnownFileType = folder.documentationcatalog; path = HealthChat.docc; sourceTree = "<group>"; };
		FE74C5FF2D086C28006054E6 /* HealthChatModel.swift */ = {isa = PBXFileReference; lastKnownFileType = sourcecode.swift; path = HealthChatModel.swift; sourceTree = "<group>"; };
		FE74C6012D086F2D006054E6 /* ConversationsScreen.swift */ = {isa = PBXFileReference; lastKnownFileType = sourcecode.swift; path = ConversationsScreen.swift; sourceTree = "<group>"; };
		FE74C6062D0873A3006054E6 /* ChatScreen.swift */ = {isa = PBXFileReference; lastKnownFileType = sourcecode.swift; path = ChatScreen.swift; sourceTree = "<group>"; };
		FE74C60A2D088230006054E6 /* TestUtils.swift */ = {isa = PBXFileReference; lastKnownFileType = sourcecode.swift; path = TestUtils.swift; sourceTree = "<group>"; };
		FE74C60C2D08B25F006054E6 /* ViewModel.swift */ = {isa = PBXFileReference; lastKnownFileType = sourcecode.swift; path = ViewModel.swift; sourceTree = "<group>"; };
		FE74C60E2D08B9BE006054E6 /* Package.swift */ = {isa = PBXFileReference; lastKnownFileType = sourcecode.swift; path = Package.swift; sourceTree = "<group>"; };
		FE74C60F2D08B9FF006054E6 /* HealthChatTests.swift */ = {isa = PBXFileReference; lastKnownFileType = sourcecode.swift; path = HealthChatTests.swift; sourceTree = "<group>"; };
		FE7B49F32D08C11800DE5245 /* TestUtils.swift */ = {isa = PBXFileReference; lastKnownFileType = sourcecode.swift; path = TestUtils.swift; sourceTree = "<group>"; };
/* End PBXFileReference section */

/* Begin PBXFrameworksBuildPhase section */
		FE74C5B72D086B11006054E6 /* Frameworks */ = {
			isa = PBXFrameworksBuildPhase;
			buildActionMask = 2147483647;
			files = (
				FE74C5EF2D086BC9006054E6 /* HealthChat.framework in Frameworks */,
			);
			runOnlyForDeploymentPostprocessing = 0;
		};
		FE74C5D72D086BC8006054E6 /* Frameworks */ = {
			isa = PBXFrameworksBuildPhase;
			buildActionMask = 2147483647;
			files = (
				FE74C6052D08738D006054E6 /* ExyteChat in Frameworks */,
			);
			runOnlyForDeploymentPostprocessing = 0;
		};
		FE74C5E02D086BC9006054E6 /* Frameworks */ = {
			isa = PBXFrameworksBuildPhase;
			buildActionMask = 2147483647;
			files = (
				FE74C5E42D086BC9006054E6 /* HealthChat.framework in Frameworks */,
			);
			runOnlyForDeploymentPostprocessing = 0;
		};
/* End PBXFrameworksBuildPhase section */

/* Begin PBXGroup section */
		FE74C5B12D086B11006054E6 = {
			isa = PBXGroup;
			children = (
				FE74C60E2D08B9BE006054E6 /* Package.swift */,
				FE74C5D02D086B46006054E6 /* HealthChatExample */,
				FE74C5FB2D086BD2006054E6 /* HealthChat */,
				FE74C6102D08B9FF006054E6 /* HealthChatTests */,
				FE74C5BB2D086B11006054E6 /* Products */,
			);
			sourceTree = "<group>";
		};
		FE74C5BB2D086B11006054E6 /* Products */ = {
			isa = PBXGroup;
			children = (
				FE74C5BA2D086B11006054E6 /* HealthChatExample.app */,
				FE74C5DA2D086BC8006054E6 /* HealthChat.framework */,
				FE74C5E32D086BC9006054E6 /* HealthChatTests.xctest */,
			);
			name = Products;
			sourceTree = "<group>";
		};
		FE74C5CC2D086B46006054E6 /* Preview Content */ = {
			isa = PBXGroup;
			children = (
				FE74C5CB2D086B46006054E6 /* Preview Assets.xcassets */,
			);
			path = "Preview Content";
			sourceTree = "<group>";
		};
		FE74C5D02D086B46006054E6 /* HealthChatExample */ = {
			isa = PBXGroup;
			children = (
				FE74C5CC2D086B46006054E6 /* Preview Content */,
				FE74C5CD2D086B46006054E6 /* Assets.xcassets */,
				FE74C5CF2D086B46006054E6 /* HealthChatExampleApp.swift */,
				FE74C60A2D088230006054E6 /* TestUtils.swift */,
			);
			path = HealthChatExample;
			sourceTree = "<group>";
		};
		FE74C5FB2D086BD2006054E6 /* HealthChat */ = {
			isa = PBXGroup;
			children = (
				FE74C5FE2D086BDE006054E6 /* Sources */,
				FE74C5F92D086BD2006054E6 /* HealthChat.h */,
				FE74C5FA2D086BD2006054E6 /* HealthChat.docc */,
			);
			path = HealthChat;
			sourceTree = "<group>";
		};
		FE74C5FE2D086BDE006054E6 /* Sources */ = {
			isa = PBXGroup;
			children = (
				FE74C60C2D08B25F006054E6 /* ViewModel.swift */,
				FE74C5FF2D086C28006054E6 /* HealthChatModel.swift */,
				FE74C6012D086F2D006054E6 /* ConversationsScreen.swift */,
				FE74C6062D0873A3006054E6 /* ChatScreen.swift */,
				FE7B49F32D08C11800DE5245 /* TestUtils.swift */,
			);
			path = Sources;
			sourceTree = "<group>";
		};
		FE74C6102D08B9FF006054E6 /* HealthChatTests */ = {
			isa = PBXGroup;
			children = (
				FE74C60F2D08B9FF006054E6 /* HealthChatTests.swift */,
			);
			path = HealthChatTests;
			sourceTree = "<group>";
		};
/* End PBXGroup section */

/* Begin PBXHeadersBuildPhase section */
		FE74C5D52D086BC8006054E6 /* Headers */ = {
			isa = PBXHeadersBuildPhase;
			buildActionMask = 2147483647;
			files = (
				FE74C5FD2D086BD2006054E6 /* HealthChat.h in Headers */,
			);
			runOnlyForDeploymentPostprocessing = 0;
		};
/* End PBXHeadersBuildPhase section */

/* Begin PBXNativeTarget section */
		FE74C5B92D086B11006054E6 /* HealthChatExample */ = {
			isa = PBXNativeTarget;
			buildConfigurationList = FE74C5C82D086B12006054E6 /* Build configuration list for PBXNativeTarget "HealthChatExample" */;
			buildPhases = (
				FE74C5B62D086B11006054E6 /* Sources */,
				FE74C5B72D086B11006054E6 /* Frameworks */,
				FE74C5B82D086B11006054E6 /* Resources */,
				FE74C5F52D086BC9006054E6 /* Embed Frameworks */,
			);
			buildRules = (
			);
			dependencies = (
				FE74C5EE2D086BC9006054E6 /* PBXTargetDependency */,
			);
			name = HealthChatExample;
			packageProductDependencies = (
			);
			productName = HealthChatExample;
			productReference = FE74C5BA2D086B11006054E6 /* HealthChatExample.app */;
			productType = "com.apple.product-type.application";
		};
		FE74C5D92D086BC8006054E6 /* HealthChat */ = {
			isa = PBXNativeTarget;
			buildConfigurationList = FE74C5F22D086BC9006054E6 /* Build configuration list for PBXNativeTarget "HealthChat" */;
			buildPhases = (
				FE74C5D52D086BC8006054E6 /* Headers */,
				FE74C5D62D086BC8006054E6 /* Sources */,
				FE74C5D72D086BC8006054E6 /* Frameworks */,
				FE74C5D82D086BC8006054E6 /* Resources */,
			);
			buildRules = (
			);
			dependencies = (
			);
			name = HealthChat;
			packageProductDependencies = (
				FE74C6042D08738D006054E6 /* ExyteChat */,
			);
			productName = HealthChat;
			productReference = FE74C5DA2D086BC8006054E6 /* HealthChat.framework */;
			productType = "com.apple.product-type.framework";
		};
		FE74C5E22D086BC9006054E6 /* HealthChatTests */ = {
			isa = PBXNativeTarget;
			buildConfigurationList = FE74C5F62D086BC9006054E6 /* Build configuration list for PBXNativeTarget "HealthChatTests" */;
			buildPhases = (
				FE74C5DF2D086BC9006054E6 /* Sources */,
				FE74C5E02D086BC9006054E6 /* Frameworks */,
				FE74C5E12D086BC9006054E6 /* Resources */,
			);
			buildRules = (
			);
			dependencies = (
				FE74C5E62D086BC9006054E6 /* PBXTargetDependency */,
				FE74C5E82D086BC9006054E6 /* PBXTargetDependency */,
			);
			name = HealthChatTests;
			packageProductDependencies = (
			);
			productName = HealthChatTests;
			productReference = FE74C5E32D086BC9006054E6 /* HealthChatTests.xctest */;
			productType = "com.apple.product-type.bundle.unit-test";
		};
/* End PBXNativeTarget section */

/* Begin PBXProject section */
		FE74C5B22D086B11006054E6 /* Project object */ = {
			isa = PBXProject;
			attributes = {
				BuildIndependentTargetsInParallel = 1;
				LastSwiftUpdateCheck = 1610;
				LastUpgradeCheck = 1610;
				TargetAttributes = {
					FE74C5B92D086B11006054E6 = {
						CreatedOnToolsVersion = 16.1;
					};
					FE74C5D92D086BC8006054E6 = {
						CreatedOnToolsVersion = 16.1;
					};
					FE74C5E22D086BC9006054E6 = {
						CreatedOnToolsVersion = 16.1;
						TestTargetID = FE74C5B92D086B11006054E6;
					};
				};
			};
			buildConfigurationList = FE74C5B52D086B11006054E6 /* Build configuration list for PBXProject "HealthChatExample" */;
			developmentRegion = en;
			hasScannedForEncodings = 0;
			knownRegions = (
				en,
				Base,
			);
			mainGroup = FE74C5B12D086B11006054E6;
			minimizedProjectReferenceProxies = 1;
			packageReferences = (
				FE74C6032D08738D006054E6 /* XCRemoteSwiftPackageReference "Chat" */,
			);
			preferredProjectObjectVersion = 77;
			productRefGroup = FE74C5BB2D086B11006054E6 /* Products */;
			projectDirPath = "";
			projectRoot = "";
			targets = (
				FE74C5B92D086B11006054E6 /* HealthChatExample */,
				FE74C5D92D086BC8006054E6 /* HealthChat */,
				FE74C5E22D086BC9006054E6 /* HealthChatTests */,
			);
		};
/* End PBXProject section */

/* Begin PBXResourcesBuildPhase section */
		FE74C5B82D086B11006054E6 /* Resources */ = {
			isa = PBXResourcesBuildPhase;
			buildActionMask = 2147483647;
			files = (
				FE74C5D12D086B46006054E6 /* Preview Assets.xcassets in Resources */,
				FE74C5D22D086B46006054E6 /* Assets.xcassets in Resources */,
			);
			runOnlyForDeploymentPostprocessing = 0;
		};
		FE74C5D82D086BC8006054E6 /* Resources */ = {
			isa = PBXResourcesBuildPhase;
			buildActionMask = 2147483647;
			files = (
			);
			runOnlyForDeploymentPostprocessing = 0;
		};
		FE74C5E12D086BC9006054E6 /* Resources */ = {
			isa = PBXResourcesBuildPhase;
			buildActionMask = 2147483647;
			files = (
			);
			runOnlyForDeploymentPostprocessing = 0;
		};
/* End PBXResourcesBuildPhase section */

/* Begin PBXSourcesBuildPhase section */
		FE74C5B62D086B11006054E6 /* Sources */ = {
			isa = PBXSourcesBuildPhase;
			buildActionMask = 2147483647;
			files = (
				FE74C5D42D086B46006054E6 /* HealthChatExampleApp.swift in Sources */,
				FE74C60B2D088230006054E6 /* TestUtils.swift in Sources */,
			);
			runOnlyForDeploymentPostprocessing = 0;
		};
		FE74C5D62D086BC8006054E6 /* Sources */ = {
			isa = PBXSourcesBuildPhase;
			buildActionMask = 2147483647;
			files = (
				FE74C60D2D08B25F006054E6 /* ViewModel.swift in Sources */,
				FE7B49F42D08C11800DE5245 /* TestUtils.swift in Sources */,
				FE74C5FC2D086BD2006054E6 /* HealthChat.docc in Sources */,
				FE74C6022D086F2D006054E6 /* ConversationsScreen.swift in Sources */,
				FE74C6002D086C28006054E6 /* HealthChatModel.swift in Sources */,
				FE74C6072D0873A3006054E6 /* ChatScreen.swift in Sources */,
			);
			runOnlyForDeploymentPostprocessing = 0;
		};
		FE74C5DF2D086BC9006054E6 /* Sources */ = {
			isa = PBXSourcesBuildPhase;
			buildActionMask = 2147483647;
			files = (
				FE74C6112D08B9FF006054E6 /* HealthChatTests.swift in Sources */,
			);
			runOnlyForDeploymentPostprocessing = 0;
		};
/* End PBXSourcesBuildPhase section */

/* Begin PBXTargetDependency section */
		FE74C5E62D086BC9006054E6 /* PBXTargetDependency */ = {
			isa = PBXTargetDependency;
			target = FE74C5D92D086BC8006054E6 /* HealthChat */;
			targetProxy = FE74C5E52D086BC9006054E6 /* PBXContainerItemProxy */;
		};
		FE74C5E82D086BC9006054E6 /* PBXTargetDependency */ = {
			isa = PBXTargetDependency;
			target = FE74C5B92D086B11006054E6 /* HealthChatExample */;
			targetProxy = FE74C5E72D086BC9006054E6 /* PBXContainerItemProxy */;
		};
		FE74C5EE2D086BC9006054E6 /* PBXTargetDependency */ = {
			isa = PBXTargetDependency;
			target = FE74C5D92D086BC8006054E6 /* HealthChat */;
			targetProxy = FE74C5ED2D086BC9006054E6 /* PBXContainerItemProxy */;
		};
/* End PBXTargetDependency section */

/* Begin XCBuildConfiguration section */
		FE74C5C62D086B12006054E6 /* Debug */ = {
			isa = XCBuildConfiguration;
			buildSettings = {
				ALWAYS_SEARCH_USER_PATHS = NO;
				ASSETCATALOG_COMPILER_GENERATE_SWIFT_ASSET_SYMBOL_EXTENSIONS = YES;
				CLANG_ANALYZER_NONNULL = YES;
				CLANG_ANALYZER_NUMBER_OBJECT_CONVERSION = YES_AGGRESSIVE;
				CLANG_CXX_LANGUAGE_STANDARD = "gnu++20";
				CLANG_ENABLE_MODULES = YES;
				CLANG_ENABLE_OBJC_ARC = YES;
				CLANG_ENABLE_OBJC_WEAK = YES;
				CLANG_WARN_BLOCK_CAPTURE_AUTORELEASING = YES;
				CLANG_WARN_BOOL_CONVERSION = YES;
				CLANG_WARN_COMMA = YES;
				CLANG_WARN_CONSTANT_CONVERSION = YES;
				CLANG_WARN_DEPRECATED_OBJC_IMPLEMENTATIONS = YES;
				CLANG_WARN_DIRECT_OBJC_ISA_USAGE = YES_ERROR;
				CLANG_WARN_DOCUMENTATION_COMMENTS = YES;
				CLANG_WARN_EMPTY_BODY = YES;
				CLANG_WARN_ENUM_CONVERSION = YES;
				CLANG_WARN_INFINITE_RECURSION = YES;
				CLANG_WARN_INT_CONVERSION = YES;
				CLANG_WARN_NON_LITERAL_NULL_CONVERSION = YES;
				CLANG_WARN_OBJC_IMPLICIT_RETAIN_SELF = YES;
				CLANG_WARN_OBJC_LITERAL_CONVERSION = YES;
				CLANG_WARN_OBJC_ROOT_CLASS = YES_ERROR;
				CLANG_WARN_QUOTED_INCLUDE_IN_FRAMEWORK_HEADER = YES;
				CLANG_WARN_RANGE_LOOP_ANALYSIS = YES;
				CLANG_WARN_STRICT_PROTOTYPES = YES;
				CLANG_WARN_SUSPICIOUS_MOVE = YES;
				CLANG_WARN_UNGUARDED_AVAILABILITY = YES_AGGRESSIVE;
				CLANG_WARN_UNREACHABLE_CODE = YES;
				CLANG_WARN__DUPLICATE_METHOD_MATCH = YES;
				COPY_PHASE_STRIP = NO;
				DEBUG_INFORMATION_FORMAT = dwarf;
				ENABLE_STRICT_OBJC_MSGSEND = YES;
				ENABLE_TESTABILITY = YES;
				ENABLE_USER_SCRIPT_SANDBOXING = YES;
				GCC_C_LANGUAGE_STANDARD = gnu17;
				GCC_DYNAMIC_NO_PIC = NO;
				GCC_NO_COMMON_BLOCKS = YES;
				GCC_OPTIMIZATION_LEVEL = 0;
				GCC_PREPROCESSOR_DEFINITIONS = (
					"DEBUG=1",
					"$(inherited)",
				);
				GCC_WARN_64_TO_32_BIT_CONVERSION = YES;
				GCC_WARN_ABOUT_RETURN_TYPE = YES_ERROR;
				GCC_WARN_UNDECLARED_SELECTOR = YES;
				GCC_WARN_UNINITIALIZED_AUTOS = YES_AGGRESSIVE;
				GCC_WARN_UNUSED_FUNCTION = YES;
				GCC_WARN_UNUSED_VARIABLE = YES;
				IPHONEOS_DEPLOYMENT_TARGET = 18.1;
				LOCALIZATION_PREFERS_STRING_CATALOGS = YES;
				MTL_ENABLE_DEBUG_INFO = INCLUDE_SOURCE;
				MTL_FAST_MATH = YES;
				ONLY_ACTIVE_ARCH = YES;
				SDKROOT = iphoneos;
				SWIFT_ACTIVE_COMPILATION_CONDITIONS = "DEBUG $(inherited)";
				SWIFT_OPTIMIZATION_LEVEL = "-Onone";
				SWIFT_STRICT_CONCURRENCY = complete;
				SWIFT_VERSION = 6.0;
			};
			name = Debug;
		};
		FE74C5C72D086B12006054E6 /* Release */ = {
			isa = XCBuildConfiguration;
			buildSettings = {
				ALWAYS_SEARCH_USER_PATHS = NO;
				ASSETCATALOG_COMPILER_GENERATE_SWIFT_ASSET_SYMBOL_EXTENSIONS = YES;
				CLANG_ANALYZER_NONNULL = YES;
				CLANG_ANALYZER_NUMBER_OBJECT_CONVERSION = YES_AGGRESSIVE;
				CLANG_CXX_LANGUAGE_STANDARD = "gnu++20";
				CLANG_ENABLE_MODULES = YES;
				CLANG_ENABLE_OBJC_ARC = YES;
				CLANG_ENABLE_OBJC_WEAK = YES;
				CLANG_WARN_BLOCK_CAPTURE_AUTORELEASING = YES;
				CLANG_WARN_BOOL_CONVERSION = YES;
				CLANG_WARN_COMMA = YES;
				CLANG_WARN_CONSTANT_CONVERSION = YES;
				CLANG_WARN_DEPRECATED_OBJC_IMPLEMENTATIONS = YES;
				CLANG_WARN_DIRECT_OBJC_ISA_USAGE = YES_ERROR;
				CLANG_WARN_DOCUMENTATION_COMMENTS = YES;
				CLANG_WARN_EMPTY_BODY = YES;
				CLANG_WARN_ENUM_CONVERSION = YES;
				CLANG_WARN_INFINITE_RECURSION = YES;
				CLANG_WARN_INT_CONVERSION = YES;
				CLANG_WARN_NON_LITERAL_NULL_CONVERSION = YES;
				CLANG_WARN_OBJC_IMPLICIT_RETAIN_SELF = YES;
				CLANG_WARN_OBJC_LITERAL_CONVERSION = YES;
				CLANG_WARN_OBJC_ROOT_CLASS = YES_ERROR;
				CLANG_WARN_QUOTED_INCLUDE_IN_FRAMEWORK_HEADER = YES;
				CLANG_WARN_RANGE_LOOP_ANALYSIS = YES;
				CLANG_WARN_STRICT_PROTOTYPES = YES;
				CLANG_WARN_SUSPICIOUS_MOVE = YES;
				CLANG_WARN_UNGUARDED_AVAILABILITY = YES_AGGRESSIVE;
				CLANG_WARN_UNREACHABLE_CODE = YES;
				CLANG_WARN__DUPLICATE_METHOD_MATCH = YES;
				COPY_PHASE_STRIP = NO;
				DEBUG_INFORMATION_FORMAT = "dwarf-with-dsym";
				ENABLE_NS_ASSERTIONS = NO;
				ENABLE_STRICT_OBJC_MSGSEND = YES;
				ENABLE_USER_SCRIPT_SANDBOXING = YES;
				GCC_C_LANGUAGE_STANDARD = gnu17;
				GCC_NO_COMMON_BLOCKS = YES;
				GCC_WARN_64_TO_32_BIT_CONVERSION = YES;
				GCC_WARN_ABOUT_RETURN_TYPE = YES_ERROR;
				GCC_WARN_UNDECLARED_SELECTOR = YES;
				GCC_WARN_UNINITIALIZED_AUTOS = YES_AGGRESSIVE;
				GCC_WARN_UNUSED_FUNCTION = YES;
				GCC_WARN_UNUSED_VARIABLE = YES;
				IPHONEOS_DEPLOYMENT_TARGET = 18.1;
				LOCALIZATION_PREFERS_STRING_CATALOGS = YES;
				MTL_ENABLE_DEBUG_INFO = NO;
				MTL_FAST_MATH = YES;
				SDKROOT = iphoneos;
				SWIFT_COMPILATION_MODE = wholemodule;
				SWIFT_STRICT_CONCURRENCY = complete;
				SWIFT_VERSION = 6.0;
				VALIDATE_PRODUCT = YES;
			};
			name = Release;
		};
		FE74C5C92D086B12006054E6 /* Debug */ = {
			isa = XCBuildConfiguration;
			buildSettings = {
				ASSETCATALOG_COMPILER_APPICON_NAME = AppIcon;
				ASSETCATALOG_COMPILER_GLOBAL_ACCENT_COLOR_NAME = AccentColor;
				CODE_SIGN_STYLE = Automatic;
				CURRENT_PROJECT_VERSION = 1;
				DEVELOPMENT_ASSET_PATHS = "\"HealthChatExample/Preview Content\"";
				DEVELOPMENT_TEAM = PPFJC4GB9Q;
				ENABLE_PREVIEWS = YES;
				GENERATE_INFOPLIST_FILE = YES;
				INFOPLIST_KEY_NSMicrophoneUsageDescription = "Please givev access to microphone";
				INFOPLIST_KEY_UIApplicationSceneManifest_Generation = YES;
				INFOPLIST_KEY_UIApplicationSupportsIndirectInputEvents = YES;
				INFOPLIST_KEY_UILaunchScreen_Generation = YES;
				INFOPLIST_KEY_UISupportedInterfaceOrientations_iPad = "UIInterfaceOrientationPortrait UIInterfaceOrientationPortraitUpsideDown UIInterfaceOrientationLandscapeLeft UIInterfaceOrientationLandscapeRight";
				INFOPLIST_KEY_UISupportedInterfaceOrientations_iPhone = "UIInterfaceOrientationPortrait UIInterfaceOrientationLandscapeLeft UIInterfaceOrientationLandscapeRight";
				LD_RUNPATH_SEARCH_PATHS = (
					"$(inherited)",
					"@executable_path/Frameworks",
				);
				MARKETING_VERSION = 1.0;
				PRODUCT_BUNDLE_IDENTIFIER = com.dinno.HealthChatExample;
				PRODUCT_NAME = "$(TARGET_NAME)";
				SWIFT_EMIT_LOC_STRINGS = YES;
				SWIFT_VERSION = 5.0;
				TARGETED_DEVICE_FAMILY = "1,2";
			};
			name = Debug;
		};
		FE74C5CA2D086B12006054E6 /* Release */ = {
			isa = XCBuildConfiguration;
			buildSettings = {
				ASSETCATALOG_COMPILER_APPICON_NAME = AppIcon;
				ASSETCATALOG_COMPILER_GLOBAL_ACCENT_COLOR_NAME = AccentColor;
				CODE_SIGN_STYLE = Automatic;
				CURRENT_PROJECT_VERSION = 1;
				DEVELOPMENT_ASSET_PATHS = "\"HealthChatExample/Preview Content\"";
				DEVELOPMENT_TEAM = PPFJC4GB9Q;
				ENABLE_PREVIEWS = YES;
				GENERATE_INFOPLIST_FILE = YES;
				INFOPLIST_KEY_NSMicrophoneUsageDescription = "Please givev access to microphone";
				INFOPLIST_KEY_UIApplicationSceneManifest_Generation = YES;
				INFOPLIST_KEY_UIApplicationSupportsIndirectInputEvents = YES;
				INFOPLIST_KEY_UILaunchScreen_Generation = YES;
				INFOPLIST_KEY_UISupportedInterfaceOrientations_iPad = "UIInterfaceOrientationPortrait UIInterfaceOrientationPortraitUpsideDown UIInterfaceOrientationLandscapeLeft UIInterfaceOrientationLandscapeRight";
				INFOPLIST_KEY_UISupportedInterfaceOrientations_iPhone = "UIInterfaceOrientationPortrait UIInterfaceOrientationLandscapeLeft UIInterfaceOrientationLandscapeRight";
				LD_RUNPATH_SEARCH_PATHS = (
					"$(inherited)",
					"@executable_path/Frameworks",
				);
				MARKETING_VERSION = 1.0;
				PRODUCT_BUNDLE_IDENTIFIER = com.dinno.HealthChatExample;
				PRODUCT_NAME = "$(TARGET_NAME)";
				SWIFT_EMIT_LOC_STRINGS = YES;
				SWIFT_VERSION = 5.0;
				TARGETED_DEVICE_FAMILY = "1,2";
			};
			name = Release;
		};
		FE74C5F32D086BC9006054E6 /* Debug */ = {
			isa = XCBuildConfiguration;
			buildSettings = {
				BUILD_LIBRARY_FOR_DISTRIBUTION = YES;
				CODE_SIGN_STYLE = Automatic;
				CURRENT_PROJECT_VERSION = 1;
				DEFINES_MODULE = YES;
				DEVELOPMENT_TEAM = PPFJC4GB9Q;
				DYLIB_COMPATIBILITY_VERSION = 1;
				DYLIB_CURRENT_VERSION = 1;
				DYLIB_INSTALL_NAME_BASE = "@rpath";
				ENABLE_MODULE_VERIFIER = YES;
				GENERATE_INFOPLIST_FILE = YES;
				INFOPLIST_KEY_NSHumanReadableCopyright = "";
				INSTALL_PATH = "$(LOCAL_LIBRARY_DIR)/Frameworks";
				LD_RUNPATH_SEARCH_PATHS = (
					"$(inherited)",
					"@executable_path/Frameworks",
					"@loader_path/Frameworks",
				);
				MARKETING_VERSION = 1.0;
				MODULE_VERIFIER_SUPPORTED_LANGUAGES = "objective-c objective-c++";
				MODULE_VERIFIER_SUPPORTED_LANGUAGE_STANDARDS = "gnu17 gnu++20";
				PRODUCT_BUNDLE_IDENTIFIER = com.dinno.HealthChat;
				PRODUCT_NAME = "$(TARGET_NAME:c99extidentifier)";
				SKIP_INSTALL = YES;
				SWIFT_EMIT_LOC_STRINGS = YES;
				SWIFT_INSTALL_OBJC_HEADER = NO;
				SWIFT_VERSION = 6.0;
				TARGETED_DEVICE_FAMILY = "1,2";
				VERSIONING_SYSTEM = "apple-generic";
				VERSION_INFO_PREFIX = "";
			};
			name = Debug;
		};
		FE74C5F42D086BC9006054E6 /* Release */ = {
			isa = XCBuildConfiguration;
			buildSettings = {
				BUILD_LIBRARY_FOR_DISTRIBUTION = YES;
				CODE_SIGN_STYLE = Automatic;
				CURRENT_PROJECT_VERSION = 1;
				DEFINES_MODULE = YES;
				DEVELOPMENT_TEAM = PPFJC4GB9Q;
				DYLIB_COMPATIBILITY_VERSION = 1;
				DYLIB_CURRENT_VERSION = 1;
				DYLIB_INSTALL_NAME_BASE = "@rpath";
				ENABLE_MODULE_VERIFIER = YES;
				GENERATE_INFOPLIST_FILE = YES;
				INFOPLIST_KEY_NSHumanReadableCopyright = "";
				INSTALL_PATH = "$(LOCAL_LIBRARY_DIR)/Frameworks";
				LD_RUNPATH_SEARCH_PATHS = (
					"$(inherited)",
					"@executable_path/Frameworks",
					"@loader_path/Frameworks",
				);
				MARKETING_VERSION = 1.0;
				MODULE_VERIFIER_SUPPORTED_LANGUAGES = "objective-c objective-c++";
				MODULE_VERIFIER_SUPPORTED_LANGUAGE_STANDARDS = "gnu17 gnu++20";
				PRODUCT_BUNDLE_IDENTIFIER = com.dinno.HealthChat;
				PRODUCT_NAME = "$(TARGET_NAME:c99extidentifier)";
				SKIP_INSTALL = YES;
				SWIFT_EMIT_LOC_STRINGS = YES;
				SWIFT_INSTALL_OBJC_HEADER = NO;
				SWIFT_VERSION = 6.0;
				TARGETED_DEVICE_FAMILY = "1,2";
				VERSIONING_SYSTEM = "apple-generic";
				VERSION_INFO_PREFIX = "";
			};
			name = Release;
		};
		FE74C5F72D086BC9006054E6 /* Debug */ = {
			isa = XCBuildConfiguration;
			buildSettings = {
				CODE_SIGN_STYLE = Automatic;
				CURRENT_PROJECT_VERSION = 1;
				DEVELOPMENT_TEAM = PPFJC4GB9Q;
				GENERATE_INFOPLIST_FILE = YES;
				MARKETING_VERSION = 1.0;
				PRODUCT_BUNDLE_IDENTIFIER = com.dinno.HealthChatTests;
				PRODUCT_NAME = "$(TARGET_NAME)";
				SWIFT_EMIT_LOC_STRINGS = NO;
				SWIFT_VERSION = 5.0;
				TARGETED_DEVICE_FAMILY = "1,2";
				TEST_HOST = "$(BUILT_PRODUCTS_DIR)/HealthChatExample.app/$(BUNDLE_EXECUTABLE_FOLDER_PATH)/HealthChatExample";
			};
			name = Debug;
		};
		FE74C5F82D086BC9006054E6 /* Release */ = {
			isa = XCBuildConfiguration;
			buildSettings = {
				CODE_SIGN_STYLE = Automatic;
				CURRENT_PROJECT_VERSION = 1;
				DEVELOPMENT_TEAM = PPFJC4GB9Q;
				GENERATE_INFOPLIST_FILE = YES;
				MARKETING_VERSION = 1.0;
				PRODUCT_BUNDLE_IDENTIFIER = com.dinno.HealthChatTests;
				PRODUCT_NAME = "$(TARGET_NAME)";
				SWIFT_EMIT_LOC_STRINGS = NO;
				SWIFT_VERSION = 5.0;
				TARGETED_DEVICE_FAMILY = "1,2";
				TEST_HOST = "$(BUILT_PRODUCTS_DIR)/HealthChatExample.app/$(BUNDLE_EXECUTABLE_FOLDER_PATH)/HealthChatExample";
			};
			name = Release;
		};
/* End XCBuildConfiguration section */

/* Begin XCConfigurationList section */
		FE74C5B52D086B11006054E6 /* Build configuration list for PBXProject "HealthChatExample" */ = {
			isa = XCConfigurationList;
			buildConfigurations = (
				FE74C5C62D086B12006054E6 /* Debug */,
				FE74C5C72D086B12006054E6 /* Release */,
			);
			defaultConfigurationIsVisible = 0;
			defaultConfigurationName = Release;
		};
		FE74C5C82D086B12006054E6 /* Build configuration list for PBXNativeTarget "HealthChatExample" */ = {
			isa = XCConfigurationList;
			buildConfigurations = (
				FE74C5C92D086B12006054E6 /* Debug */,
				FE74C5CA2D086B12006054E6 /* Release */,
			);
			defaultConfigurationIsVisible = 0;
			defaultConfigurationName = Release;
		};
		FE74C5F22D086BC9006054E6 /* Build configuration list for PBXNativeTarget "HealthChat" */ = {
			isa = XCConfigurationList;
			buildConfigurations = (
				FE74C5F32D086BC9006054E6 /* Debug */,
				FE74C5F42D086BC9006054E6 /* Release */,
			);
			defaultConfigurationIsVisible = 0;
			defaultConfigurationName = Release;
		};
		FE74C5F62D086BC9006054E6 /* Build configuration list for PBXNativeTarget "HealthChatTests" */ = {
			isa = XCConfigurationList;
			buildConfigurations = (
				FE74C5F72D086BC9006054E6 /* Debug */,
				FE74C5F82D086BC9006054E6 /* Release */,
			);
			defaultConfigurationIsVisible = 0;
			defaultConfigurationName = Release;
		};
/* End XCConfigurationList section */

/* Begin XCRemoteSwiftPackageReference section */
		FE74C6032D08738D006054E6 /* XCRemoteSwiftPackageReference "Chat" */ = {
			isa = XCRemoteSwiftPackageReference;
			repositoryURL = "https://github.com/exyte/Chat.git";
			requirement = {
				kind = upToNextMajorVersion;
				minimumVersion = 2.0.10;
			};
		};
/* End XCRemoteSwiftPackageReference section */

/* Begin XCSwiftPackageProductDependency section */
		FE74C6042D08738D006054E6 /* ExyteChat */ = {
			isa = XCSwiftPackageProductDependency;
			package = FE74C6032D08738D006054E6 /* XCRemoteSwiftPackageReference "Chat" */;
			productName = ExyteChat;
		};
/* End XCSwiftPackageProductDependency section */
	};
	rootObject = FE74C5B22D086B11006054E6 /* Project object */;
}
